{"SurveyEntry":{"SurveyID":"SV_cIv4hdn8Dm3TRZQ","SurveyName":"MSE 330 Post-Parlay 5-Star Survey for Student Teams and Groups - Copy","SurveyDescription":null,"SurveyOwnerID":"UR_3TOWUtzseeCQJZX","SurveyBrandID":"purdue","DivisionID":null,"SurveyLanguage":"EN","SurveyActiveResponseSet":"RS_3sWoWqjysU7hf0y","SurveyStatus":"Active","SurveyStartDate":"0000-00-00 00:00:00","SurveyExpirationDate":"0000-00-00 00:00:00","SurveyCreationDate":"2023-03-30 12:16:07","CreatorID":"UR_3TOWUtzseeCQJZX","LastModified":"2023-04-19 10:21:11","LastAccessed":"0000-00-00 00:00:00","LastActivated":"2023-04-19 07:59:32","Deleted":null},"SurveyElements":[{"SurveyID":"SV_cIv4hdn8Dm3TRZQ","Element":"BL","PrimaryAttribute":"Survey Blocks","SecondaryAttribute":null,"TertiaryAttribute":null,"Payload":[{"Type":"Default","Description":"Default Question Block","ID":"BL_cTsiYRVIliKioHs","BlockElements":[{"Type":"Question","QuestionID":"QID3"},{"Type":"Question","QuestionID":"QID12"},{"Type":"Question","QuestionID":"QID4"},{"Type":"Question","QuestionID":"QID2"},{"Type":"Question","QuestionID":"QID1"},{"Type":"Question","QuestionID":"QID5"},{"Type":"Question","QuestionID":"QID6"},{"Type":"Question","QuestionID":"QID7"},{"Type":"Question","QuestionID":"QID8"},{"Type":"Question","QuestionID":"QID9"}]},{"Type":"Trash","Description":"Trash \/ Unused Questions","ID":"BL_cSUEMi0sOKWhncq","BlockElements":[]}]},{"SurveyID":"SV_cIv4hdn8Dm3TRZQ","Element":"FL","PrimaryAttribute":"Survey Flow","SecondaryAttribute":null,"TertiaryAttribute":null,"Payload":{"Flow":[{"ID":"BL_cTsiYRVIliKioHs","Type":"Block","FlowID":"FL_2"}],"Properties":{"Count":2},"FlowID":"FL_1","Type":"Root"}},{"SurveyID":"SV_cIv4hdn8Dm3TRZQ","Element":"PL","PrimaryAttribute":"Preview Link","SecondaryAttribute":null,"TertiaryAttribute":null,"Payload":{"PreviewType":"Brand","PreviewID":"63abaf85-609b-48d3-978a-3d7ce67f1e32"}},{"SurveyID":"SV_cIv4hdn8Dm3TRZQ","Element":"RS","PrimaryAttribute":"RS_3sWoWqjysU7hf0y","SecondaryAttribute":null,"TertiaryAttribute":null,"Payload":null},{"SurveyID":"SV_cIv4hdn8Dm3TRZQ","Element":"SO","PrimaryAttribute":"Survey Options","SecondaryAttribute":null,"TertiaryAttribute":null,"Payload":{"BackButton":"false","SaveAndContinue":"true","SurveyProtection":"PublicSurvey","BallotBoxStuffingPrevention":"false","NoIndex":"Yes","SecureResponseFiles":"true","SurveyExpiration":"None","SurveyTermination":"DefaultMessage","Header":"","Footer":"","ProgressBarDisplay":"None","PartialData":"+1 week","ValidationMessage":"","PreviousButton":"","NextButton":"","SurveyTitle":"Qualtrics Survey | Qualtrics Experience Management","SkinLibrary":"purdue","SkinType":"MQ","Skin":"purdue1_new","NewScoring":1,"SurveyMetaDescription":"The most powerful, simple and trusted way to gather experience data. Start your journey to experience management and try a free account today.","ProtectSelectionIds":true}},{"SurveyID":"SV_cIv4hdn8Dm3TRZQ","Element":"SCO","PrimaryAttribute":"Scoring","SecondaryAttribute":null,"TertiaryAttribute":null,"Payload":{"ScoringCategories":[],"ScoringCategoryGroups":[],"ScoringSummaryCategory":null,"ScoringSummaryAfterQuestions":0,"ScoringSummaryAfterSurvey":0,"DefaultScoringCategory":null,"AutoScoringCategory":null}},{"SurveyID":"SV_cIv4hdn8Dm3TRZQ","Element":"PROJ","PrimaryAttribute":"CORE","SecondaryAttribute":null,"TertiaryAttribute":"1.1.0","Payload":{"ProjectCategory":"CORE","SchemaVersion":"1.1.0"}},{"SurveyID":"SV_cIv4hdn8Dm3TRZQ","Element":"STAT","PrimaryAttribute":"Survey Statistics","SecondaryAttribute":null,"TertiaryAttribute":null,"Payload":{"MobileCompatible":true,"ID":"Survey Statistics"}},{"SurveyID":"SV_cIv4hdn8Dm3TRZQ","Element":"QC","PrimaryAttribute":"Survey Question Count","SecondaryAttribute":"12","TertiaryAttribute":null,"Payload":null},{"SurveyID":"SV_cIv4hdn8Dm3TRZQ","Element":"SQ","PrimaryAttribute":"QID1","SecondaryAttribute":"For the student that you listed above, please rate their performance in the following areas, with...","TertiaryAttribute":null,"Payload":{"QuestionText":"For the student that you listed above, please rate their performance in the following areas, with a 5-star rating being \"The Best\" and a 0-star rating being \"The Worst\":<br>","DefaultChoices":false,"DataExportTag":"Q1","QuestionID":"QID1","QuestionType":"Slider","Selector":"STAR","Configuration":{"QuestionDescriptionOption":"UseText","CSSliderMin":0,"CSSliderMax":5,"GridLines":5,"NumDecimals":"0","ShowValue":true,"StarCount":5,"StarType":"discrete","MobileFirst":false},"QuestionDescription":"For the student that you listed above, please rate their performance in the following areas, with...","Choices":{"1":{"Display":"Attitude"},"2":{"Display":"Responsiveness"},"3":{"Display":"Dependability"},"4":{"Display":"Participation during the Prep Week"},"5":{"Display":"Participation during Parlay Day"}},"ChoiceOrder":[1,2,3,4,5],"Validation":{"Settings":{"ForceResponse":"OFF","Type":"None"}},"GradingData":[],"Language":[],"NextChoiceId":6,"NextAnswerId":1,"Labels":[],"DataVisibility":{"Private":false,"Hidden":false}}},{"SurveyID":"SV_cIv4hdn8Dm3TRZQ","Element":"SQ","PrimaryAttribute":"QID6","SecondaryAttribute":"For the student that you listed above, please rate their performance in the following areas, with...","TertiaryAttribute":null,"Payload":{"QuestionText":"For the student that you listed above, please rate their performance in the following areas, with a 5-star rating being \"The Best\" and a 0-star rating being \"The Worst\":<br>","DefaultChoices":false,"DataExportTag":"Q6","QuestionType":"Slider","Selector":"STAR","DataVisibility":{"Private":false,"Hidden":false},"Configuration":{"QuestionDescriptionOption":"UseText","CSSliderMin":0,"CSSliderMax":5,"GridLines":5,"NumDecimals":"0","StarCount":5,"StarType":"discrete","ShowValue":true,"MobileFirst":false},"QuestionDescription":"For the student that you listed above, please rate their performance in the following areas, with...","Choices":{"1":{"Display":"Attitude"},"2":{"Display":"Responsiveness"},"3":{"Display":"Dependability"},"4":{"Display":"Participation during the Prep Week"},"5":{"Display":"Participation during Parlay Day"}},"ChoiceOrder":[1,2,3,4,5],"Validation":{"Settings":{"ForceResponse":"OFF","Type":"None"}},"GradingData":[],"Language":[],"NextChoiceId":6,"NextAnswerId":1,"Labels":[],"QuestionID":"QID6"}},{"SurveyID":"SV_cIv4hdn8Dm3TRZQ","Element":"SQ","PrimaryAttribute":"QID8","SecondaryAttribute":"For the student that you listed above, please rate their performance in the following areas, with...","TertiaryAttribute":null,"Payload":{"QuestionText":"For the student that you listed above, please rate their performance in the following areas, with a 5-star rating being \"The Best\" and a 0-star rating being \"The Worst\":<br>","DefaultChoices":false,"DataExportTag":"Q8","QuestionType":"Slider","Selector":"STAR","DataVisibility":{"Private":false,"Hidden":false},"Configuration":{"QuestionDescriptionOption":"UseText","CSSliderMin":0,"CSSliderMax":5,"GridLines":5,"NumDecimals":"0","StarCount":5,"StarType":"discrete","ShowValue":true,"MobileFirst":false},"QuestionDescription":"For the student that you listed above, please rate their performance in the following areas, with...","Choices":{"1":{"Display":"Attitude"},"2":{"Display":"Responsiveness"},"3":{"Display":"Dependability"},"4":{"Display":"Participation during the Prep Week"},"5":{"Display":"Participation during Parlay Day"}},"ChoiceOrder":[1,2,3,4,5],"Validation":{"Settings":{"ForceResponse":"OFF","Type":"None"}},"GradingData":[],"Language":[],"NextChoiceId":6,"NextAnswerId":1,"Labels":[],"QuestionID":"QID8"}},{"SurveyID":"SV_cIv4hdn8Dm3TRZQ","Element":"SQ","PrimaryAttribute":"QID12","SecondaryAttribute":"If you are part of a Parlay Team, please indicate which sub-topic you investigated. If you were p...","TertiaryAttribute":null,"Payload":{"QuestionText":"If you are part of a <strong>Parlay Team<\/strong>, please indicate which sub-topic you investigated. If you were part of a <strong>Group<\/strong>, please select &quot;N\/A&quot; (not applicable).","DataExportTag":"Q12","QuestionType":"MC","Selector":"SAVR","SubSelector":"TX","Configuration":{"QuestionDescriptionOption":"UseText"},"QuestionDescription":"If you are part of a Parlay Team, please indicate which sub-topic you investigated. If you were p...","Choices":{"1":{"Display":"Textiles Team 1 - Synthetic Fibers"},"2":{"Display":"Textiles Team 2 - Natural Fibers"},"3":{"Display":"Recycling Team 1 - Mechanical Methods"},"4":{"Display":"Recycling Team 2 - Chemical Methods"},"5":{"Display":"Printing Team 1 - FDM"},"6":{"Display":"Printing Team 2 - SLA"},"7":{"Display":"N\/A - I was only part of a Group for this parlay."}},"ChoiceOrder":["1","2","3","4","5","6","7"],"Validation":{"Settings":{"ForceResponse":"OFF","Type":"None"}},"Language":[],"NextChoiceId":8,"NextAnswerId":1,"QuestionID":"QID12","AnalyzeChoices":{"4":"on"}}},{"SurveyID":"SV_cIv4hdn8Dm3TRZQ","Element":"SQ","PrimaryAttribute":"QID4","SecondaryAttribute":"Please rate your performance in the following areas, with a 5-star rating being \"The Best\" and a...","TertiaryAttribute":null,"Payload":{"QuestionText":"Please rate <strong>your performance<\/strong> in the following areas, with a 5-star rating being &quot;The Best&quot; and a 0-star rating being &quot;The Worst&quot;:","DefaultChoices":false,"DataExportTag":"Q4","QuestionType":"Slider","Selector":"STAR","DataVisibility":{"Private":false,"Hidden":false},"Configuration":{"QuestionDescriptionOption":"UseText","CSSliderMin":0,"CSSliderMax":5,"GridLines":5,"NumDecimals":"0","StarCount":5,"StarType":"discrete","ShowValue":true,"MobileFirst":false},"QuestionDescription":"Please rate your performance in the following areas, with a 5-star rating being \"The Best\" and a...","Choices":{"1":{"Display":"Positive Attitude"},"2":{"Display":"Responsiveness"},"3":{"Display":"Dependability"},"4":{"Display":"Participation during the Prep Week"},"5":{"Display":"Participation during Parlay Day"}},"ChoiceOrder":[1,2,3,4,5],"Validation":{"Settings":{"ForceResponse":"OFF","Type":"None"}},"GradingData":[],"Language":[],"NextChoiceId":6,"NextAnswerId":1,"Labels":[],"QuestionID":"QID4"}},{"SurveyID":"SV_cIv4hdn8Dm3TRZQ","Element":"SQ","PrimaryAttribute":"QID9","SecondaryAttribute":"Using the box below, please provide an explanation for any ratings of 3 stars or less.","TertiaryAttribute":null,"Payload":{"QuestionText":"Using the box below, please provide an explanation for any ratings of <strong>3 stars or less.<\/strong>","DefaultChoices":false,"DataExportTag":"Q9","QuestionType":"TE","Selector":"ML","Configuration":{"QuestionDescriptionOption":"UseText","InputWidth":680,"InputHeight":262},"QuestionDescription":"Using the box below, please provide an explanation for any ratings of 3 stars or less.","Validation":{"Settings":{"ForceResponse":"OFF","Type":"None"}},"GradingData":[],"Language":[],"NextChoiceId":4,"NextAnswerId":1,"SearchSource":{"AllowFreeResponse":"false"},"QuestionID":"QID9","DataVisibility":{"Private":false,"Hidden":false}}},{"SurveyID":"SV_cIv4hdn8Dm3TRZQ","Element":"SQ","PrimaryAttribute":"QID5","SecondaryAttribute":"What is the Purdue email address of another one of the members of your Parlay Team or Group? (if...","TertiaryAttribute":null,"Payload":{"QuestionText":"What is the <strong>Purdue email address<\/strong> of another one of the members of your Parlay Team or Group? (if applicable)","DefaultChoices":false,"DataExportTag":"Q5","QuestionType":"TE","Selector":"SL","DataVisibility":{"Private":false,"Hidden":false},"Configuration":{"QuestionDescriptionOption":"UseText"},"QuestionDescription":"What is the Purdue email address of another one of the members of your Parlay Team or Group? (if...","Validation":{"Settings":{"ForceResponse":"OFF","Type":"None"}},"GradingData":[],"Language":[],"NextChoiceId":4,"NextAnswerId":1,"SearchSource":{"AllowFreeResponse":"false"},"QuestionID":"QID5"}},{"SurveyID":"SV_cIv4hdn8Dm3TRZQ","Element":"SQ","PrimaryAttribute":"QID7","SecondaryAttribute":"What is the Purdue email address of another one of the members of your Parlay Team or Group? (if...","TertiaryAttribute":null,"Payload":{"QuestionText":"What is the <strong>Purdue email address<\/strong> of another one of the members of your Parlay Team or Group? (if applicable)","DefaultChoices":false,"DataExportTag":"Q7","QuestionType":"TE","Selector":"SL","DataVisibility":{"Private":false,"Hidden":false},"Configuration":{"QuestionDescriptionOption":"UseText"},"QuestionDescription":"What is the Purdue email address of another one of the members of your Parlay Team or Group? (if...","Validation":{"Settings":{"ForceResponse":"OFF","Type":"None"}},"GradingData":[],"Language":[],"NextChoiceId":4,"NextAnswerId":1,"SearchSource":{"AllowFreeResponse":"false"},"QuestionID":"QID7"}},{"SurveyID":"SV_cIv4hdn8Dm3TRZQ","Element":"SQ","PrimaryAttribute":"QID2","SecondaryAttribute":"What is the Purdue email address of one of the members of your Parlay Team or Group? (if applicable)","TertiaryAttribute":null,"Payload":{"QuestionText":"What is the <strong>Purdue email address<\/strong> of one of the members of your Parlay Team or Group? (if applicable)","DefaultChoices":false,"DataExportTag":"Q2","QuestionID":"QID2","QuestionType":"TE","Selector":"SL","Configuration":{"QuestionDescriptionOption":"UseText"},"QuestionDescription":"What is the Purdue email address of one of the members of your Parlay Team or Group? (if applicable)","Validation":{"Settings":{"ForceResponse":"OFF","Type":"None"}},"GradingData":[],"Language":[],"NextChoiceId":4,"NextAnswerId":1,"SearchSource":{"AllowFreeResponse":"false"},"DataVisibility":{"Private":false,"Hidden":false}}},{"SurveyID":"SV_cIv4hdn8Dm3TRZQ","Element":"SQ","PrimaryAttribute":"QID3","SecondaryAttribute":"Your Purdue email address:","TertiaryAttribute":null,"Payload":{"QuestionText":"Your <strong>Purdue email address<\/strong>:","DefaultChoices":false,"DataExportTag":"Q3","QuestionType":"TE","Selector":"SL","DataVisibility":{"Private":false,"Hidden":false},"Configuration":{"QuestionDescriptionOption":"UseText"},"QuestionDescription":"Your Purdue email address:","Validation":{"Settings":{"ForceResponse":"OFF","Type":"None"}},"GradingData":[],"Language":[],"NextChoiceId":4,"NextAnswerId":1,"SearchSource":{"AllowFreeResponse":"false"},"QuestionID":"QID3"}}]}